
Microsoft Visual Studio Solution File, Format Version 12.00
# Visual Studio 15
VisualStudioVersion = 15.0.27130.2036
MinimumVisualStudioVersion = 10.0.40219.1
Project("{FAE04EC0-301F-11D3-BF4B-00C04F79EFBC}") = "TODOList", "TODOList\TODOList.csproj", "{DC66AC31-235D-4658-9953-84D899AEFD84}"
EndProject
Global
	GlobalSection(SolutionConfigurationPlatforms) = preSolution
		Debug|Any CPU = Debug|Any CPU
		Release|Any CPU = Release|Any CPU
	EndGlobalSection
	GlobalSection(ProjectConfigurationPlatforms) = postSolution
		{DC66AC31-235D-4658-9953-84D899AEFD84}.Debug|Any CPU.ActiveCfg = Debug|Any CPU
		{DC66AC31-235D-4658-9953-84D899AEFD84}.Debug|Any CPU.Build.0 = Debug|Any CPU
		{DC66AC31-235D-4658-9953-84D899AEFD84}.Release|Any CPU.ActiveCfg = Release|Any CPU
		{DC66AC31-235D-4658-9953-84D899AEFD84}.Release|Any CPU.Build.0 = Release|Any CPU
	EndGlobalSection
	GlobalSection(SolutionProperties) = preSolution
		HideSolutionNode = FALSE
	EndGlobalSection
	GlobalSection(ExtensibilityGlobals) = postSolution
		SolutionGuid = {45DA4706-2576-4948-80FD-A1CAD1E8E34C}
	EndGlobalSection
EndGlobal
